
Microsoft Visual Studio Solution File, Format Version 12.00
# Visual Studio Version 17
VisualStudioVersion = 17.0.31903.59
MinimumVisualStudioVersion = 10.0.40219.1
Project("{FAE04EC0-301F-11D3-BF4B-00C04F79EFBC}") = "TestNewTalent", "TestNewTalent\TestNewTalent.csproj", "{AB13C923-4A79-4C25-824E-C5BF82A24760}"
EndProject
Project("{FAE04EC0-301F-11D3-BF4B-00C04F79EFBC}") = "NewTalent", "NewTalent\NewTalent.csproj", "{345F81DD-B00A-4514-AEA8-B6F00AE84CDA}"
EndProject
Global
	GlobalSection(SolutionConfigurationPlatforms) = preSolution
		Debug|Any CPU = Debug|Any CPU
		Release|Any CPU = Release|Any CPU
	EndGlobalSection
	GlobalSection(SolutionProperties) = preSolution
		HideSolutionNode = FALSE
	EndGlobalSection
	GlobalSection(ProjectConfigurationPlatforms) = postSolution
		{AB13C923-4A79-4C25-824E-C5BF82A24760}.Debug|Any CPU.ActiveCfg = Debug|Any CPU
		{AB13C923-4A79-4C25-824E-C5BF82A24760}.Debug|Any CPU.Build.0 = Debug|Any CPU
		{AB13C923-4A79-4C25-824E-C5BF82A24760}.Release|Any CPU.ActiveCfg = Release|Any CPU
		{AB13C923-4A79-4C25-824E-C5BF82A24760}.Release|Any CPU.Build.0 = Release|Any CPU
		{345F81DD-B00A-4514-AEA8-B6F00AE84CDA}.Debug|Any CPU.ActiveCfg = Debug|Any CPU
		{345F81DD-B00A-4514-AEA8-B6F00AE84CDA}.Debug|Any CPU.Build.0 = Debug|Any CPU
		{345F81DD-B00A-4514-AEA8-B6F00AE84CDA}.Release|Any CPU.ActiveCfg = Release|Any CPU
		{345F81DD-B00A-4514-AEA8-B6F00AE84CDA}.Release|Any CPU.Build.0 = Release|Any CPU
	EndGlobalSection
EndGlobal
